
Microsoft Visual Studio Solution File, Format Version 12.00
# Visual Studio 15
VisualStudioVersion = 15.0.28307.102
MinimumVisualStudioVersion = 10.0.40219.1
Project("{9A19103F-16F7-4668-BE54-9A1E7A4F7556}") = "EventLogReader", "EventLogReader\EventLogReader.csproj", "{EC308510-03AF-4096-A870-07EEFA352555}"
EndProject
Global
	GlobalSection(SolutionConfigurationPlatforms) = preSolution
		Debug|Any CPU = Debug|Any CPU
		Release|Any CPU = Release|Any CPU
	EndGlobalSection
	GlobalSection(ProjectConfigurationPlatforms) = postSolution
		{EC308510-03AF-4096-A870-07EEFA352555}.Debug|Any CPU.ActiveCfg = Debug|Any CPU
		{EC308510-03AF-4096-A870-07EEFA352555}.Debug|Any CPU.Build.0 = Debug|Any CPU
		{EC308510-03AF-4096-A870-07EEFA352555}.Release|Any CPU.ActiveCfg = Release|Any CPU
		{EC308510-03AF-4096-A870-07EEFA352555}.Release|Any CPU.Build.0 = Release|Any CPU
	EndGlobalSection
	GlobalSection(SolutionProperties) = preSolution
		HideSolutionNode = FALSE
	EndGlobalSection
	GlobalSection(ExtensibilityGlobals) = postSolution
		SolutionGuid = {E1B66DEB-1457-4A95-8026-BE6D4DED9F59}
	EndGlobalSection
EndGlobal
